// !$*UTF8*$!
{
	archiveVersion = 1;
	classes = {
	};
	objectVersion = 50;
	objects = {

/* Begin PBXBuildFile section */
		D70643C1227D66320034B858 /* Assets.xcassets in Resources */ = {isa = PBXBuildFile; fileRef = D70643C0227D66320034B858 /* Assets.xcassets */; };
		D70CE11F22CF4AB500BD5922 /* FileTableView.swift in Sources */ = {isa = PBXBuildFile; fileRef = D70CE11E22CF4AB500BD5922 /* FileTableView.swift */; };
		D70CE12222CF5B5900BD5922 /* GuideTextSyntaxHighlighter.swift in Sources */ = {isa = PBXBuildFile; fileRef = D70CE12122CF5B5900BD5922 /* GuideTextSyntaxHighlighter.swift */; };
		D70CE12522CF7A2D00BD5922 /* SyntaxHighlighterDelegate.swift in Sources */ = {isa = PBXBuildFile; fileRef = D70CE12422CF7A2D00BD5922 /* SyntaxHighlighterDelegate.swift */; };
		D715CA0522AB2C360087CAB9 /* TextUtils.swift in Sources */ = {isa = PBXBuildFile; fileRef = D715CA0422AB2C360087CAB9 /* TextUtils.swift */; };
		D718EBBF2252CFA300727383 /* AppDelegate.swift in Sources */ = {isa = PBXBuildFile; fileRef = D718EBBE2252CFA300727383 /* AppDelegate.swift */; };
		D718EBC72252CFA300727383 /* SecureCoder.xcdatamodeld in Sources */ = {isa = PBXBuildFile; fileRef = D718EBC52252CFA300727383 /* SecureCoder.xcdatamodeld */; };
		D718EBCC2252CFA500727383 /* LaunchScreen.storyboard in Resources */ = {isa = PBXBuildFile; fileRef = D718EBCA2252CFA500727383 /* LaunchScreen.storyboard */; };
		D719935222CF154E00A3365F /* Domain.swift in Sources */ = {isa = PBXBuildFile; fileRef = D719935122CF154E00A3365F /* Domain.swift */; };
		D719935422CF249500A3365F /* Guide.swift in Sources */ = {isa = PBXBuildFile; fileRef = D719935322CF249500A3365F /* Guide.swift */; };
		D719935622CF266500A3365F /* GuideMessageTextView.swift in Sources */ = {isa = PBXBuildFile; fileRef = D719935522CF266500A3365F /* GuideMessageTextView.swift */; };
		D71A0AEA22B1D1F80088326D /* SectionButton.swift in Sources */ = {isa = PBXBuildFile; fileRef = D71A0AE922B1D1F80088326D /* SectionButton.swift */; };
		D71C2C2222A0D9AD008CCCD0 /* CourseCardCollectionViewCell.swift in Sources */ = {isa = PBXBuildFile; fileRef = D71C2C2122A0D9AD008CCCD0 /* CourseCardCollectionViewCell.swift */; };
		D71C2C2422A0EAAF008CCCD0 /* UIColor+make.swift in Sources */ = {isa = PBXBuildFile; fileRef = D71C2C2322A0EAAF008CCCD0 /* UIColor+make.swift */; };
		D71C2C2622A0F656008CCCD0 /* CourseCard.swift in Sources */ = {isa = PBXBuildFile; fileRef = D71C2C2522A0F656008CCCD0 /* CourseCard.swift */; };
		D721CF9B227C086300D0038A /* WebKit.framework in Frameworks */ = {isa = PBXBuildFile; fileRef = D721CF9A227C086300D0038A /* WebKit.framework */; };
		D7256C2A22ADFEB00093A5AA /* FileTableViewCell.swift in Sources */ = {isa = PBXBuildFile; fileRef = D7256C2922ADFEB00093A5AA /* FileTableViewCell.swift */; };
		D7256C2C22AE2F490093A5AA /* CSSSyntaxHighlighter.swift in Sources */ = {isa = PBXBuildFile; fileRef = D7256C2B22AE2F490093A5AA /* CSSSyntaxHighlighter.swift */; };
		D726997022964578009988E6 /* CourseSelectionViewController.swift in Sources */ = {isa = PBXBuildFile; fileRef = D726996F22964578009988E6 /* CourseSelectionViewController.swift */; };
		D726997222965AB1009988E6 /* ProgramingLanguageCollectionViewCell.swift in Sources */ = {isa = PBXBuildFile; fileRef = D726997122965AB1009988E6 /* ProgramingLanguageCollectionViewCell.swift */; };
		D7278C8422C9BA1300A6BBE0 /* LessonSelectionViewController.swift in Sources */ = {isa = PBXBuildFile; fileRef = D7278C8322C9BA1300A6BBE0 /* LessonSelectionViewController.swift */; };
		D72BB8D5225425680043D909 /* String+subscript.swift in Sources */ = {isa = PBXBuildFile; fileRef = D72BB8D4225425680043D909 /* String+subscript.swift */; };
		D72BB8D92254C8560043D909 /* PHPSyntaxHighlighter.swift in Sources */ = {isa = PBXBuildFile; fileRef = D72BB8D82254C8560043D909 /* PHPSyntaxHighlighter.swift */; };
		D72BB8DB2254D1C20043D909 /* UIColor+colors.swift in Sources */ = {isa = PBXBuildFile; fileRef = D72BB8DA2254D1C20043D909 /* UIColor+colors.swift */; };
		D72EB15F2294CB33007A35EA /* KeyboardView.swift in Sources */ = {isa = PBXBuildFile; fileRef = D72EB15E2294CB33007A35EA /* KeyboardView.swift */; };
		D730541422C2FE15005906EB /* URLTask.swift in Sources */ = {isa = PBXBuildFile; fileRef = D730541322C2FE15005906EB /* URLTask.swift */; };
		D730541622C30120005906EB /* HTTPMethod.swift in Sources */ = {isa = PBXBuildFile; fileRef = D730541522C30120005906EB /* HTTPMethod.swift */; };
		D730541822C30DAB005906EB /* FileUtils.swift in Sources */ = {isa = PBXBuildFile; fileRef = D730541722C30DAB005906EB /* FileUtils.swift */; };
		D730541A22C31424005906EB /* URLUtils.swift in Sources */ = {isa = PBXBuildFile; fileRef = D730541922C31424005906EB /* URLUtils.swift */; };
		D7319A982298EC3B00369273 /* CaretView.swift in Sources */ = {isa = PBXBuildFile; fileRef = D7319A972298EC3B00369273 /* CaretView.swift */; };
		D7319A9A2298F20500369273 /* CodeEditorView.swift in Sources */ = {isa = PBXBuildFile; fileRef = D7319A992298F20500369273 /* CodeEditorView.swift */; };
		D7327FD222D2DE9400586B29 /* Text.swift in Sources */ = {isa = PBXBuildFile; fileRef = D7327FD122D2DE9400586B29 /* Text.swift */; };
		D7327FD422D2DF6C00586B29 /* A.swift in Sources */ = {isa = PBXBuildFile; fileRef = D7327FD322D2DF6C00586B29 /* A.swift */; };
		D7327FDC22D336F600586B29 /* WebElementView.swift in Sources */ = {isa = PBXBuildFile; fileRef = D7327FDB22D336F600586B29 /* WebElementView.swift */; };
		D7336B5522D5923700F4A045 /* JavaScript.swift in Sources */ = {isa = PBXBuildFile; fileRef = D7336B5422D5923700F4A045 /* JavaScript.swift */; };
		D735DAE722C1EB5300B8C2B7 /* Courses in Resources */ = {isa = PBXBuildFile; fileRef = D735DAE522C1EAB200B8C2B7 /* Courses */; };
		D738B5B922A4E3700043E177 /* SectionCardTableViewCell.swift in Sources */ = {isa = PBXBuildFile; fileRef = D738B5B822A4E3700043E177 /* SectionCardTableViewCell.swift */; };
		D745635922B7A23C00F8F68F /* Extension.swift in Sources */ = {isa = PBXBuildFile; fileRef = D745635822B7A23C00F8F68F /* Extension.swift */; };
		D74ACBA322CC508500713343 /* Chapter.swift in Sources */ = {isa = PBXBuildFile; fileRef = D74ACBA222CC508500713343 /* Chapter.swift */; };
		D74ACBA522CC675E00713343 /* SectionSelectionViewController.swift in Sources */ = {isa = PBXBuildFile; fileRef = D74ACBA422CC675E00713343 /* SectionSelectionViewController.swift */; };
		D74ACBA722CC691200713343 /* CellButton.swift in Sources */ = {isa = PBXBuildFile; fileRef = D74ACBA622CC691200713343 /* CellButton.swift */; };
		D74B15E122AB94CD0035047B /* EditorComponentsBuilder.swift in Sources */ = {isa = PBXBuildFile; fileRef = D74B15E022AB94CD0035047B /* EditorComponentsBuilder.swift */; };
		D75A99D422A29B080086E710 /* Course.swift in Sources */ = {isa = PBXBuildFile; fileRef = D75A99D322A29B080086E710 /* Course.swift */; };
		D75A99D622A29B530086E710 /* Section.swift in Sources */ = {isa = PBXBuildFile; fileRef = D75A99D522A29B530086E710 /* Section.swift */; };
		D75BD38A227E680D00AA7E7F /* File.swift in Sources */ = {isa = PBXBuildFile; fileRef = D75BD389227E680D00AA7E7F /* File.swift */; };
		D762AF5D22B48543001C94A2 /* UIView+darken.swift in Sources */ = {isa = PBXBuildFile; fileRef = D762AF5C22B48543001C94A2 /* UIView+darken.swift */; };
		D762AF5F22B49290001C94A2 /* DescriptionView.swift in Sources */ = {isa = PBXBuildFile; fileRef = D762AF5E22B49290001C94A2 /* DescriptionView.swift */; };
		D767B19222C0A38300920BDA /* SlidesView.swift in Sources */ = {isa = PBXBuildFile; fileRef = D767B19122C0A38300920BDA /* SlidesView.swift */; };
		D767B19522C0A55B00920BDA /* SlideLauncher.swift in Sources */ = {isa = PBXBuildFile; fileRef = D767B19422C0A55B00920BDA /* SlideLauncher.swift */; };
		D77059AE2292357700E66D7B /* LessonViewController.swift in Sources */ = {isa = PBXBuildFile; fileRef = D77059AD2292357700E66D7B /* LessonViewController.swift */; };
		D7722E812293A3FC00A749BF /* SlideCollectionViewCell.swift in Sources */ = {isa = PBXBuildFile; fileRef = D7722E802293A3FC00A749BF /* SlideCollectionViewCell.swift */; };
		D7722E832293A64900A749BF /* LastSlideCollectionViewCell.swift in Sources */ = {isa = PBXBuildFile; fileRef = D7722E822293A64900A749BF /* LastSlideCollectionViewCell.swift */; };
		D77771C222D42E7500ACCDAB /* CodeLabel.swift in Sources */ = {isa = PBXBuildFile; fileRef = D77771C122D42E7500ACCDAB /* CodeLabel.swift */; };
		D77771C822D456FA00ACCDAB /* FocusableView.swift in Sources */ = {isa = PBXBuildFile; fileRef = D77771C722D456FA00ACCDAB /* FocusableView.swift */; };
		D77EE57F22D0415A00013DA6 /* Explainer.swift in Sources */ = {isa = PBXBuildFile; fileRef = D77EE57E22D0415A00013DA6 /* Explainer.swift */; };
		D77EE58122D07B9D00013DA6 /* KeyboardWords.swift in Sources */ = {isa = PBXBuildFile; fileRef = D77EE58022D07B9D00013DA6 /* KeyboardWords.swift */; };
		D77EE58322D085A000013DA6 /* NotificationMessage.swift in Sources */ = {isa = PBXBuildFile; fileRef = D77EE58222D085A000013DA6 /* NotificationMessage.swift */; };
		D77F1FCB22D1AA3400FC3005 /* WebSimulatorViewControllerFactory.swift in Sources */ = {isa = PBXBuildFile; fileRef = D77F1FCA22D1AA3400FC3005 /* WebSimulatorViewControllerFactory.swift */; };
		D77F1FCD22D1AA4400FC3005 /* WebSimulatorViewController.swift in Sources */ = {isa = PBXBuildFile; fileRef = D77F1FCC22D1AA4400FC3005 /* WebSimulatorViewController.swift */; };
		D77F1FD022D1AA7C00FC3005 /* IFrameInjectionUnsafeWebSimulatorViewController.swift in Sources */ = {isa = PBXBuildFile; fileRef = D77F1FCF22D1AA7C00FC3005 /* IFrameInjectionUnsafeWebSimulatorViewController.swift */; };
		D77F1FDF22D2013400FC3005 /* H1.swift in Sources */ = {isa = PBXBuildFile; fileRef = D77F1FDE22D2013400FC3005 /* H1.swift */; };
		D77F1FE122D203F800FC3005 /* P.swift in Sources */ = {isa = PBXBuildFile; fileRef = D77F1FE022D203F800FC3005 /* P.swift */; };
		D77F1FE322D2057300FC3005 /* IFrame.swift in Sources */ = {isa = PBXBuildFile; fileRef = D77F1FE222D2057300FC3005 /* IFrame.swift */; };
		D781CE1D225DFF7A00B90A26 /* Character+is~.swift in Sources */ = {isa = PBXBuildFile; fileRef = D781CE1C225DFF7A00B90A26 /* Character+is~.swift */; };
		D7A2600422560FF000523A36 /* Application.swift in Sources */ = {isa = PBXBuildFile; fileRef = D7A2600322560FF000523A36 /* Application.swift */; };
		D7A56685225A1348002EF185 /* JavaScriptSyntaxHighlighter.swift in Sources */ = {isa = PBXBuildFile; fileRef = D7A56684225A1348002EF185 /* JavaScriptSyntaxHighlighter.swift */; };
		D7A56687225A17D3002EF185 /* Lesson.swift in Sources */ = {isa = PBXBuildFile; fileRef = D7A56686225A17D3002EF185 /* Lesson.swift */; };
		D7A9F1A722AA9D920049C0DE /* LessonTextParser.swift in Sources */ = {isa = PBXBuildFile; fileRef = D7A9F1A622AA9D920049C0DE /* LessonTextParser.swift */; };
		D7AF14AD228524B100022937 /* String+is~.swift in Sources */ = {isa = PBXBuildFile; fileRef = D7AF14AC228524B100022937 /* String+is~.swift */; };
		D7AF14B52285762600022937 /* PHP.swift in Sources */ = {isa = PBXBuildFile; fileRef = D7AF14B42285762600022937 /* PHP.swift */; };
		D7B22F0622C45721009E97D5 /* String+escape.swift in Sources */ = {isa = PBXBuildFile; fileRef = D7B22F0522C45721009E97D5 /* String+escape.swift */; };
		D7C950D822BC6A8D00524823 /* TemplateLabel.swift in Sources */ = {isa = PBXBuildFile; fileRef = D7C950D722BC6A8D00524823 /* TemplateLabel.swift */; };
		D7E5D502228A66DF007CE3C2 /* HTML.swift in Sources */ = {isa = PBXBuildFile; fileRef = D7E5D501228A66DF007CE3C2 /* HTML.swift */; };
		D7EBEBCE22D5784400564E27 /* WebSimulatorView.swift in Sources */ = {isa = PBXBuildFile; fileRef = D7EBEBCD22D5784400564E27 /* WebSimulatorView.swift */; };
		D7F96527229249370086E98A /* QuestionTextField.swift in Sources */ = {isa = PBXBuildFile; fileRef = D7F96526229249370086E98A /* QuestionTextField.swift */; };
		D7F96529229259120086E98A /* ProgramingLanguage.swift in Sources */ = {isa = PBXBuildFile; fileRef = D7F96528229259120086E98A /* ProgramingLanguage.swift */; };
		D7F9652B229259860086E98A /* HTMLSyntaxHighlighter.swift in Sources */ = {isa = PBXBuildFile; fileRef = D7F9652A229259860086E98A /* HTMLSyntaxHighlighter.swift */; };
		D7F9652D229280860086E98A /* SyntaxHighlighter.swift in Sources */ = {isa = PBXBuildFile; fileRef = D7F9652C229280860086E98A /* SyntaxHighlighter.swift */; };
/* End PBXBuildFile section */

/* Begin PBXFileReference section */
		D70643C0227D66320034B858 /* Assets.xcassets */ = {isa = PBXFileReference; lastKnownFileType = folder.assetcatalog; path = Assets.xcassets; sourceTree = "<group>"; };
		D70CE11E22CF4AB500BD5922 /* FileTableView.swift */ = {isa = PBXFileReference; lastKnownFileType = sourcecode.swift; path = FileTableView.swift; sourceTree = "<group>"; };
		D70CE12122CF5B5900BD5922 /* GuideTextSyntaxHighlighter.swift */ = {isa = PBXFileReference; lastKnownFileType = sourcecode.swift; path = GuideTextSyntaxHighlighter.swift; sourceTree = "<group>"; };
		D70CE12422CF7A2D00BD5922 /* SyntaxHighlighterDelegate.swift */ = {isa = PBXFileReference; lastKnownFileType = sourcecode.swift; path = SyntaxHighlighterDelegate.swift; sourceTree = "<group>"; };
		D715CA0422AB2C360087CAB9 /* TextUtils.swift */ = {isa = PBXFileReference; lastKnownFileType = sourcecode.swift; path = TextUtils.swift; sourceTree = "<group>"; };
		D718EBBB2252CFA300727383 /* SecureCoder.app */ = {isa = PBXFileReference; explicitFileType = wrapper.application; includeInIndex = 0; path = SecureCoder.app; sourceTree = BUILT_PRODUCTS_DIR; };
		D718EBBE2252CFA300727383 /* AppDelegate.swift */ = {isa = PBXFileReference; lastKnownFileType = sourcecode.swift; path = AppDelegate.swift; sourceTree = "<group>"; };
		D718EBC62252CFA300727383 /* SecureCoder.xcdatamodel */ = {isa = PBXFileReference; lastKnownFileType = wrapper.xcdatamodel; path = SecureCoder.xcdatamodel; sourceTree = "<group>"; };
		D718EBCB2252CFA500727383 /* Base */ = {isa = PBXFileReference; lastKnownFileType = file.storyboard; name = Base; path = Base.lproj/LaunchScreen.storyboard; sourceTree = "<group>"; };
		D718EBCD2252CFA500727383 /* Info.plist */ = {isa = PBXFileReference; lastKnownFileType = text.plist.xml; path = Info.plist; sourceTree = "<group>"; };
		D719935122CF154E00A3365F /* Domain.swift */ = {isa = PBXFileReference; lastKnownFileType = sourcecode.swift; path = Domain.swift; sourceTree = "<group>"; };
		D719935322CF249500A3365F /* Guide.swift */ = {isa = PBXFileReference; lastKnownFileType = sourcecode.swift; path = Guide.swift; sourceTree = "<group>"; };
		D719935522CF266500A3365F /* GuideMessageTextView.swift */ = {isa = PBXFileReference; lastKnownFileType = sourcecode.swift; path = GuideMessageTextView.swift; sourceTree = "<group>"; };
		D71A0AE922B1D1F80088326D /* SectionButton.swift */ = {isa = PBXFileReference; lastKnownFileType = sourcecode.swift; path = SectionButton.swift; sourceTree = "<group>"; };
		D71C2C2122A0D9AD008CCCD0 /* CourseCardCollectionViewCell.swift */ = {isa = PBXFileReference; lastKnownFileType = sourcecode.swift; path = CourseCardCollectionViewCell.swift; sourceTree = "<group>"; };
		D71C2C2322A0EAAF008CCCD0 /* UIColor+make.swift */ = {isa = PBXFileReference; lastKnownFileType = sourcecode.swift; path = "UIColor+make.swift"; sourceTree = "<group>"; };
		D71C2C2522A0F656008CCCD0 /* CourseCard.swift */ = {isa = PBXFileReference; lastKnownFileType = sourcecode.swift; path = CourseCard.swift; sourceTree = "<group>"; };
		D721CF9A227C086300D0038A /* WebKit.framework */ = {isa = PBXFileReference; lastKnownFileType = wrapper.framework; name = WebKit.framework; path = System/Library/Frameworks/WebKit.framework; sourceTree = SDKROOT; };
		D7256C2922ADFEB00093A5AA /* FileTableViewCell.swift */ = {isa = PBXFileReference; lastKnownFileType = sourcecode.swift; path = FileTableViewCell.swift; sourceTree = "<group>"; };
		D7256C2B22AE2F490093A5AA /* CSSSyntaxHighlighter.swift */ = {isa = PBXFileReference; lastKnownFileType = sourcecode.swift; path = CSSSyntaxHighlighter.swift; sourceTree = "<group>"; };
		D726996F22964578009988E6 /* CourseSelectionViewController.swift */ = {isa = PBXFileReference; lastKnownFileType = sourcecode.swift; path = CourseSelectionViewController.swift; sourceTree = "<group>"; };
		D726997122965AB1009988E6 /* ProgramingLanguageCollectionViewCell.swift */ = {isa = PBXFileReference; lastKnownFileType = sourcecode.swift; path = ProgramingLanguageCollectionViewCell.swift; sourceTree = "<group>"; };
		D7278C8322C9BA1300A6BBE0 /* LessonSelectionViewController.swift */ = {isa = PBXFileReference; lastKnownFileType = sourcecode.swift; path = LessonSelectionViewController.swift; sourceTree = "<group>"; };
		D72BB8D4225425680043D909 /* String+subscript.swift */ = {isa = PBXFileReference; lastKnownFileType = sourcecode.swift; path = "String+subscript.swift"; sourceTree = "<group>"; };
		D72BB8D82254C8560043D909 /* PHPSyntaxHighlighter.swift */ = {isa = PBXFileReference; lastKnownFileType = sourcecode.swift; path = PHPSyntaxHighlighter.swift; sourceTree = "<group>"; };
		D72BB8DA2254D1C20043D909 /* UIColor+colors.swift */ = {isa = PBXFileReference; lastKnownFileType = sourcecode.swift; path = "UIColor+colors.swift"; sourceTree = "<group>"; };
		D72EB15E2294CB33007A35EA /* KeyboardView.swift */ = {isa = PBXFileReference; lastKnownFileType = sourcecode.swift; path = KeyboardView.swift; sourceTree = "<group>"; };
		D730541322C2FE15005906EB /* URLTask.swift */ = {isa = PBXFileReference; lastKnownFileType = sourcecode.swift; path = URLTask.swift; sourceTree = "<group>"; };
		D730541522C30120005906EB /* HTTPMethod.swift */ = {isa = PBXFileReference; lastKnownFileType = sourcecode.swift; path = HTTPMethod.swift; sourceTree = "<group>"; };
		D730541722C30DAB005906EB /* FileUtils.swift */ = {isa = PBXFileReference; lastKnownFileType = sourcecode.swift; path = FileUtils.swift; sourceTree = "<group>"; };
		D730541922C31424005906EB /* URLUtils.swift */ = {isa = PBXFileReference; lastKnownFileType = sourcecode.swift; path = URLUtils.swift; sourceTree = "<group>"; };
		D7319A972298EC3B00369273 /* CaretView.swift */ = {isa = PBXFileReference; lastKnownFileType = sourcecode.swift; path = CaretView.swift; sourceTree = "<group>"; };
		D7319A992298F20500369273 /* CodeEditorView.swift */ = {isa = PBXFileReference; lastKnownFileType = sourcecode.swift; path = CodeEditorView.swift; sourceTree = "<group>"; };
		D7327FD122D2DE9400586B29 /* Text.swift */ = {isa = PBXFileReference; lastKnownFileType = sourcecode.swift; path = Text.swift; sourceTree = "<group>"; };
		D7327FD322D2DF6C00586B29 /* A.swift */ = {isa = PBXFileReference; lastKnownFileType = sourcecode.swift; path = A.swift; sourceTree = "<group>"; };
		D7327FDB22D336F600586B29 /* WebElementView.swift */ = {isa = PBXFileReference; lastKnownFileType = sourcecode.swift; path = WebElementView.swift; sourceTree = "<group>"; };
		D7336B5422D5923700F4A045 /* JavaScript.swift */ = {isa = PBXFileReference; lastKnownFileType = sourcecode.swift; path = JavaScript.swift; sourceTree = "<group>"; };
		D735DAE522C1EAB200B8C2B7 /* Courses */ = {isa = PBXFileReference; lastKnownFileType = folder; path = Courses; sourceTree = "<group>"; };
		D738B5B822A4E3700043E177 /* SectionCardTableViewCell.swift */ = {isa = PBXFileReference; lastKnownFileType = sourcecode.swift; path = SectionCardTableViewCell.swift; sourceTree = "<group>"; };
		D745635822B7A23C00F8F68F /* Extension.swift */ = {isa = PBXFileReference; lastKnownFileType = sourcecode.swift; path = Extension.swift; sourceTree = "<group>"; };
		D74ACBA222CC508500713343 /* Chapter.swift */ = {isa = PBXFileReference; lastKnownFileType = sourcecode.swift; path = Chapter.swift; sourceTree = "<group>"; };
		D74ACBA422CC675E00713343 /* SectionSelectionViewController.swift */ = {isa = PBXFileReference; lastKnownFileType = sourcecode.swift; path = SectionSelectionViewController.swift; sourceTree = "<group>"; };
		D74ACBA622CC691200713343 /* CellButton.swift */ = {isa = PBXFileReference; lastKnownFileType = sourcecode.swift; path = CellButton.swift; sourceTree = "<group>"; };
		D74B15E022AB94CD0035047B /* EditorComponentsBuilder.swift */ = {isa = PBXFileReference; lastKnownFileType = sourcecode.swift; path = EditorComponentsBuilder.swift; sourceTree = "<group>"; };
		D75A99D322A29B080086E710 /* Course.swift */ = {isa = PBXFileReference; lastKnownFileType = sourcecode.swift; path = Course.swift; sourceTree = "<group>"; };
		D75A99D522A29B530086E710 /* Section.swift */ = {isa = PBXFileReference; lastKnownFileType = sourcecode.swift; path = Section.swift; sourceTree = "<group>"; };
		D75BD389227E680D00AA7E7F /* File.swift */ = {isa = PBXFileReference; lastKnownFileType = sourcecode.swift; path = File.swift; sourceTree = "<group>"; };
		D762AF5C22B48543001C94A2 /* UIView+darken.swift */ = {isa = PBXFileReference; lastKnownFileType = sourcecode.swift; path = "UIView+darken.swift"; sourceTree = "<group>"; };
		D762AF5E22B49290001C94A2 /* DescriptionView.swift */ = {isa = PBXFileReference; lastKnownFileType = sourcecode.swift; path = DescriptionView.swift; sourceTree = "<group>"; };
		D767B19122C0A38300920BDA /* SlidesView.swift */ = {isa = PBXFileReference; lastKnownFileType = sourcecode.swift; path = SlidesView.swift; sourceTree = "<group>"; };
		D767B19422C0A55B00920BDA /* SlideLauncher.swift */ = {isa = PBXFileReference; lastKnownFileType = sourcecode.swift; path = SlideLauncher.swift; sourceTree = "<group>"; };
		D77059AD2292357700E66D7B /* LessonViewController.swift */ = {isa = PBXFileReference; lastKnownFileType = sourcecode.swift; path = LessonViewController.swift; sourceTree = "<group>"; };
		D7722E802293A3FC00A749BF /* SlideCollectionViewCell.swift */ = {isa = PBXFileReference; lastKnownFileType = sourcecode.swift; path = SlideCollectionViewCell.swift; sourceTree = "<group>"; };
		D7722E822293A64900A749BF /* LastSlideCollectionViewCell.swift */ = {isa = PBXFileReference; lastKnownFileType = sourcecode.swift; path = LastSlideCollectionViewCell.swift; sourceTree = "<group>"; };
		D77771C122D42E7500ACCDAB /* CodeLabel.swift */ = {isa = PBXFileReference; lastKnownFileType = sourcecode.swift; path = CodeLabel.swift; sourceTree = "<group>"; };
		D77771C722D456FA00ACCDAB /* FocusableView.swift */ = {isa = PBXFileReference; lastKnownFileType = sourcecode.swift; path = FocusableView.swift; sourceTree = "<group>"; };
		D77EE57E22D0415A00013DA6 /* Explainer.swift */ = {isa = PBXFileReference; lastKnownFileType = sourcecode.swift; path = Explainer.swift; sourceTree = "<group>"; };
		D77EE58022D07B9D00013DA6 /* KeyboardWords.swift */ = {isa = PBXFileReference; lastKnownFileType = sourcecode.swift; path = KeyboardWords.swift; sourceTree = "<group>"; };
		D77EE58222D085A000013DA6 /* NotificationMessage.swift */ = {isa = PBXFileReference; lastKnownFileType = sourcecode.swift; path = NotificationMessage.swift; sourceTree = "<group>"; };
		D77F1FCA22D1AA3400FC3005 /* WebSimulatorViewControllerFactory.swift */ = {isa = PBXFileReference; lastKnownFileType = sourcecode.swift; path = WebSimulatorViewControllerFactory.swift; sourceTree = "<group>"; };
		D77F1FCC22D1AA4400FC3005 /* WebSimulatorViewController.swift */ = {isa = PBXFileReference; lastKnownFileType = sourcecode.swift; path = WebSimulatorViewController.swift; sourceTree = "<group>"; };
		D77F1FCF22D1AA7C00FC3005 /* IFrameInjectionUnsafeWebSimulatorViewController.swift */ = {isa = PBXFileReference; lastKnownFileType = sourcecode.swift; path = IFrameInjectionUnsafeWebSimulatorViewController.swift; sourceTree = "<group>"; };
		D77F1FDE22D2013400FC3005 /* H1.swift */ = {isa = PBXFileReference; lastKnownFileType = sourcecode.swift; path = H1.swift; sourceTree = "<group>"; };
		D77F1FE022D203F800FC3005 /* P.swift */ = {isa = PBXFileReference; lastKnownFileType = sourcecode.swift; path = P.swift; sourceTree = "<group>"; };
		D77F1FE222D2057300FC3005 /* IFrame.swift */ = {isa = PBXFileReference; lastKnownFileType = sourcecode.swift; path = IFrame.swift; sourceTree = "<group>"; };
		D781CE1C225DFF7A00B90A26 /* Character+is~.swift */ = {isa = PBXFileReference; lastKnownFileType = sourcecode.swift; path = "Character+is~.swift"; sourceTree = "<group>"; };
		D7A2600322560FF000523A36 /* Application.swift */ = {isa = PBXFileReference; lastKnownFileType = sourcecode.swift; path = Application.swift; sourceTree = "<group>"; };
		D7A56684225A1348002EF185 /* JavaScriptSyntaxHighlighter.swift */ = {isa = PBXFileReference; lastKnownFileType = sourcecode.swift; path = JavaScriptSyntaxHighlighter.swift; sourceTree = "<group>"; };
		D7A56686225A17D3002EF185 /* Lesson.swift */ = {isa = PBXFileReference; lastKnownFileType = sourcecode.swift; path = Lesson.swift; sourceTree = "<group>"; };
		D7A9F1A622AA9D920049C0DE /* LessonTextParser.swift */ = {isa = PBXFileReference; lastKnownFileType = sourcecode.swift; path = LessonTextParser.swift; sourceTree = "<group>"; };
		D7AF14AC228524B100022937 /* String+is~.swift */ = {isa = PBXFileReference; lastKnownFileType = sourcecode.swift; path = "String+is~.swift"; sourceTree = "<group>"; };
		D7AF14B42285762600022937 /* PHP.swift */ = {isa = PBXFileReference; lastKnownFileType = sourcecode.swift; path = PHP.swift; sourceTree = "<group>"; };
		D7B22F0522C45721009E97D5 /* String+escape.swift */ = {isa = PBXFileReference; lastKnownFileType = sourcecode.swift; path = "String+escape.swift"; sourceTree = "<group>"; };
		D7C950D722BC6A8D00524823 /* TemplateLabel.swift */ = {isa = PBXFileReference; lastKnownFileType = sourcecode.swift; path = TemplateLabel.swift; sourceTree = "<group>"; };
		D7E5D501228A66DF007CE3C2 /* HTML.swift */ = {isa = PBXFileReference; lastKnownFileType = sourcecode.swift; path = HTML.swift; sourceTree = "<group>"; };
		D7EBEBCD22D5784400564E27 /* WebSimulatorView.swift */ = {isa = PBXFileReference; lastKnownFileType = sourcecode.swift; path = WebSimulatorView.swift; sourceTree = "<group>"; };
		D7F96526229249370086E98A /* QuestionTextField.swift */ = {isa = PBXFileReference; lastKnownFileType = sourcecode.swift; path = QuestionTextField.swift; sourceTree = "<group>"; };
		D7F96528229259120086E98A /* ProgramingLanguage.swift */ = {isa = PBXFileReference; lastKnownFileType = sourcecode.swift; path = ProgramingLanguage.swift; sourceTree = "<group>"; };
		D7F9652A229259860086E98A /* HTMLSyntaxHighlighter.swift */ = {isa = PBXFileReference; lastKnownFileType = sourcecode.swift; path = HTMLSyntaxHighlighter.swift; sourceTree = "<group>"; };
		D7F9652C229280860086E98A /* SyntaxHighlighter.swift */ = {isa = PBXFileReference; lastKnownFileType = sourcecode.swift; path = SyntaxHighlighter.swift; sourceTree = "<group>"; };
/* End PBXFileReference section */

/* Begin PBXFrameworksBuildPhase section */
		D718EBB82252CFA300727383 /* Frameworks */ = {
			isa = PBXFrameworksBuildPhase;
			buildActionMask = 2147483647;
			files = (
				D721CF9B227C086300D0038A /* WebKit.framework in Frameworks */,
			);
			runOnlyForDeploymentPostprocessing = 0;
		};
/* End PBXFrameworksBuildPhase section */

/* Begin PBXGroup section */
		D70CE12022CF5B3200BD5922 /* SyntaxHighlighters */ = {
			isa = PBXGroup;
			children = (
				D7F9652C229280860086E98A /* SyntaxHighlighter.swift */,
				D72BB8D82254C8560043D909 /* PHPSyntaxHighlighter.swift */,
				D7A56684225A1348002EF185 /* JavaScriptSyntaxHighlighter.swift */,
				D7F9652A229259860086E98A /* HTMLSyntaxHighlighter.swift */,
				D7256C2B22AE2F490093A5AA /* CSSSyntaxHighlighter.swift */,
				D70CE12122CF5B5900BD5922 /* GuideTextSyntaxHighlighter.swift */,
			);
			path = SyntaxHighlighters;
			sourceTree = "<group>";
		};
		D70CE12322CF7A1900BD5922 /* Protocols */ = {
			isa = PBXGroup;
			children = (
				D70CE12422CF7A2D00BD5922 /* SyntaxHighlighterDelegate.swift */,
			);
			path = Protocols;
			sourceTree = "<group>";
		};
		D718EBB22252CFA300727383 = {
			isa = PBXGroup;
			children = (
				D718EBBD2252CFA300727383 /* SecureCoder */,
				D718EBBC2252CFA300727383 /* Products */,
				D721CF99227C086300D0038A /* Frameworks */,
			);
			sourceTree = "<group>";
		};
		D718EBBC2252CFA300727383 /* Products */ = {
			isa = PBXGroup;
			children = (
				D718EBBB2252CFA300727383 /* SecureCoder.app */,
			);
			name = Products;
			sourceTree = "<group>";
		};
		D718EBBD2252CFA300727383 /* SecureCoder */ = {
			isa = PBXGroup;
			children = (
				D77F1FC922D1AA1800FC3005 /* Factories */,
				D70CE12322CF7A1900BD5922 /* Protocols */,
				D767B19322C0A54D00920BDA /* Helpers */,
				D76F60B022576AC80044C0AF /* Extension */,
				D76F60AF22576A8D0044C0AF /* Model */,
				D76F60AE22576A890044C0AF /* View */,
				D76F60AD22576A810044C0AF /* Controller */,
				D718EBBE2252CFA300727383 /* AppDelegate.swift */,
				D7A2600322560FF000523A36 /* Application.swift */,
				D718EBCA2252CFA500727383 /* LaunchScreen.storyboard */,
				D70643C0227D66320034B858 /* Assets.xcassets */,
				D718EBCD2252CFA500727383 /* Info.plist */,
				D718EBC52252CFA300727383 /* SecureCoder.xcdatamodeld */,
				D735DAE522C1EAB200B8C2B7 /* Courses */,
			);
			path = SecureCoder;
			sourceTree = "<group>";
		};
		D721CF99227C086300D0038A /* Frameworks */ = {
			isa = PBXGroup;
			children = (
				D721CF9A227C086300D0038A /* WebKit.framework */,
			);
			name = Frameworks;
			sourceTree = "<group>";
		};
		D767B19322C0A54D00920BDA /* Helpers */ = {
			isa = PBXGroup;
			children = (
				D70CE12022CF5B3200BD5922 /* SyntaxHighlighters */,
				D767B19422C0A55B00920BDA /* SlideLauncher.swift */,
				D730541322C2FE15005906EB /* URLTask.swift */,
				D730541722C30DAB005906EB /* FileUtils.swift */,
				D715CA0422AB2C360087CAB9 /* TextUtils.swift */,
				D730541922C31424005906EB /* URLUtils.swift */,
				D74B15E022AB94CD0035047B /* EditorComponentsBuilder.swift */,
				D77EE58222D085A000013DA6 /* NotificationMessage.swift */,
			);
			path = Helpers;
			sourceTree = "<group>";
		};
		D76F60AD22576A810044C0AF /* Controller */ = {
			isa = PBXGroup;
			children = (
				D77F1FCE22D1AA6100FC3005 /* WebSimulatorViewControllers */,
				D77059AD2292357700E66D7B /* LessonViewController.swift */,
				D726996F22964578009988E6 /* CourseSelectionViewController.swift */,
				D7278C8322C9BA1300A6BBE0 /* LessonSelectionViewController.swift */,
				D74ACBA422CC675E00713343 /* SectionSelectionViewController.swift */,
			);
			path = Controller;
			sourceTree = "<group>";
		};
		D76F60AE22576A890044C0AF /* View */ = {
			isa = PBXGroup;
			children = (
				D77F1FDD22D2012700FC3005 /* WebSimulator */,
				D7F96526229249370086E98A /* QuestionTextField.swift */,
				D7722E802293A3FC00A749BF /* SlideCollectionViewCell.swift */,
				D7722E822293A64900A749BF /* LastSlideCollectionViewCell.swift */,
				D72EB15E2294CB33007A35EA /* KeyboardView.swift */,
				D726997122965AB1009988E6 /* ProgramingLanguageCollectionViewCell.swift */,
				D7319A972298EC3B00369273 /* CaretView.swift */,
				D7319A992298F20500369273 /* CodeEditorView.swift */,
				D71C2C2122A0D9AD008CCCD0 /* CourseCardCollectionViewCell.swift */,
				D738B5B822A4E3700043E177 /* SectionCardTableViewCell.swift */,
				D7256C2922ADFEB00093A5AA /* FileTableViewCell.swift */,
				D71A0AE922B1D1F80088326D /* SectionButton.swift */,
				D762AF5E22B49290001C94A2 /* DescriptionView.swift */,
				D7C950D722BC6A8D00524823 /* TemplateLabel.swift */,
				D767B19122C0A38300920BDA /* SlidesView.swift */,
				D74ACBA622CC691200713343 /* CellButton.swift */,
				D719935522CF266500A3365F /* GuideMessageTextView.swift */,
				D70CE11E22CF4AB500BD5922 /* FileTableView.swift */,
				D77771C122D42E7500ACCDAB /* CodeLabel.swift */,
				D77771C722D456FA00ACCDAB /* FocusableView.swift */,
			);
			path = View;
			sourceTree = "<group>";
		};
		D76F60AF22576A8D0044C0AF /* Model */ = {
			isa = PBXGroup;
			children = (
				D7AF14B62285762A00022937 /* ProgramingLanguage */,
				D7A56686225A17D3002EF185 /* Lesson.swift */,
				D75BD389227E680D00AA7E7F /* File.swift */,
				D71C2C2522A0F656008CCCD0 /* CourseCard.swift */,
				D75A99D322A29B080086E710 /* Course.swift */,
				D75A99D522A29B530086E710 /* Section.swift */,
				D7A9F1A622AA9D920049C0DE /* LessonTextParser.swift */,
				D745635822B7A23C00F8F68F /* Extension.swift */,
				D730541522C30120005906EB /* HTTPMethod.swift */,
				D74ACBA222CC508500713343 /* Chapter.swift */,
				D719935122CF154E00A3365F /* Domain.swift */,
				D719935322CF249500A3365F /* Guide.swift */,
				D77EE57E22D0415A00013DA6 /* Explainer.swift */,
				D77EE58022D07B9D00013DA6 /* KeyboardWords.swift */,
			);
			path = Model;
			sourceTree = "<group>";
		};
		D76F60B022576AC80044C0AF /* Extension */ = {
			isa = PBXGroup;
			children = (
				D72BB8D4225425680043D909 /* String+subscript.swift */,
				D7AF14AC228524B100022937 /* String+is~.swift */,
				D72BB8DA2254D1C20043D909 /* UIColor+colors.swift */,
				D781CE1C225DFF7A00B90A26 /* Character+is~.swift */,
				D71C2C2322A0EAAF008CCCD0 /* UIColor+make.swift */,
				D762AF5C22B48543001C94A2 /* UIView+darken.swift */,
				D7B22F0522C45721009E97D5 /* String+escape.swift */,
			);
			path = Extension;
			sourceTree = "<group>";
		};
		D77F1FC922D1AA1800FC3005 /* Factories */ = {
			isa = PBXGroup;
			children = (
				D77F1FCA22D1AA3400FC3005 /* WebSimulatorViewControllerFactory.swift */,
			);
			path = Factories;
			sourceTree = "<group>";
		};
		D77F1FCE22D1AA6100FC3005 /* WebSimulatorViewControllers */ = {
			isa = PBXGroup;
			children = (
				D77F1FCC22D1AA4400FC3005 /* WebSimulatorViewController.swift */,
				D77F1FCF22D1AA7C00FC3005 /* IFrameInjectionUnsafeWebSimulatorViewController.swift */,
			);
			path = WebSimulatorViewControllers;
			sourceTree = "<group>";
		};
		D77F1FDD22D2012700FC3005 /* WebSimulator */ = {
			isa = PBXGroup;
			children = (
				D77F1FDE22D2013400FC3005 /* H1.swift */,
				D77F1FE022D203F800FC3005 /* P.swift */,
				D77F1FE222D2057300FC3005 /* IFrame.swift */,
				D7327FD122D2DE9400586B29 /* Text.swift */,
				D7327FD322D2DF6C00586B29 /* A.swift */,
				D7EBEBCD22D5784400564E27 /* WebSimulatorView.swift */,
				D7327FDB22D336F600586B29 /* WebElementView.swift */,
			);
			path = WebSimulator;
			sourceTree = "<group>";
		};
		D7AF14B62285762A00022937 /* ProgramingLanguage */ = {
			isa = PBXGroup;
			children = (
				D7F96528229259120086E98A /* ProgramingLanguage.swift */,
				D7AF14B42285762600022937 /* PHP.swift */,
				D7E5D501228A66DF007CE3C2 /* HTML.swift */,
				D7336B5422D5923700F4A045 /* JavaScript.swift */,
			);
			path = ProgramingLanguage;
			sourceTree = "<group>";
		};
/* End PBXGroup section */

/* Begin PBXNativeTarget section */
		D718EBBA2252CFA300727383 /* SecureCoder */ = {
			isa = PBXNativeTarget;
			buildConfigurationList = D718EBD02252CFA500727383 /* Build configuration list for PBXNativeTarget "SecureCoder" */;
			buildPhases = (
				D718EBB72252CFA300727383 /* Sources */,
				D718EBB82252CFA300727383 /* Frameworks */,
				D718EBB92252CFA300727383 /* Resources */,
			);
			buildRules = (
			);
			dependencies = (
			);
			name = SecureCoder;
			productName = SecureCoder;
			productReference = D718EBBB2252CFA300727383 /* SecureCoder.app */;
			productType = "com.apple.product-type.application";
		};
/* End PBXNativeTarget section */

/* Begin PBXProject section */
		D718EBB32252CFA300727383 /* Project object */ = {
			isa = PBXProject;
			attributes = {
				LastSwiftUpdateCheck = 1010;
				LastUpgradeCheck = 1010;
				ORGANIZATIONNAME = "小林聖人";
				TargetAttributes = {
					D718EBBA2252CFA300727383 = {
						CreatedOnToolsVersion = 10.1;
						LastSwiftMigration = 1020;
					};
				};
			};
			buildConfigurationList = D718EBB62252CFA300727383 /* Build configuration list for PBXProject "SecureCoder" */;
			compatibilityVersion = "Xcode 9.3";
			developmentRegion = en;
			hasScannedForEncodings = 0;
			knownRegions = (
				en,
				Base,
			);
			mainGroup = D718EBB22252CFA300727383;
			productRefGroup = D718EBBC2252CFA300727383 /* Products */;
			projectDirPath = "";
			projectRoot = "";
			targets = (
				D718EBBA2252CFA300727383 /* SecureCoder */,
			);
		};
/* End PBXProject section */

/* Begin PBXResourcesBuildPhase section */
		D718EBB92252CFA300727383 /* Resources */ = {
			isa = PBXResourcesBuildPhase;
			buildActionMask = 2147483647;
			files = (
				D735DAE722C1EB5300B8C2B7 /* Courses in Resources */,
				D718EBCC2252CFA500727383 /* LaunchScreen.storyboard in Resources */,
				D70643C1227D66320034B858 /* Assets.xcassets in Resources */,
			);
			runOnlyForDeploymentPostprocessing = 0;
		};
/* End PBXResourcesBuildPhase section */

/* Begin PBXSourcesBuildPhase section */
		D718EBB72252CFA300727383 /* Sources */ = {
			isa = PBXSourcesBuildPhase;
			buildActionMask = 2147483647;
			files = (
				D75A99D422A29B080086E710 /* Course.swift in Sources */,
				D72BB8D5225425680043D909 /* String+subscript.swift in Sources */,
				D7336B5522D5923700F4A045 /* JavaScript.swift in Sources */,
				D7327FDC22D336F600586B29 /* WebElementView.swift in Sources */,
				D77771C222D42E7500ACCDAB /* CodeLabel.swift in Sources */,
				D719935222CF154E00A3365F /* Domain.swift in Sources */,
				D77771C822D456FA00ACCDAB /* FocusableView.swift in Sources */,
				D767B19522C0A55B00920BDA /* SlideLauncher.swift in Sources */,
				D7AF14AD228524B100022937 /* String+is~.swift in Sources */,
				D730541622C30120005906EB /* HTTPMethod.swift in Sources */,
				D7319A982298EC3B00369273 /* CaretView.swift in Sources */,
				D745635922B7A23C00F8F68F /* Extension.swift in Sources */,
				D7F9652B229259860086E98A /* HTMLSyntaxHighlighter.swift in Sources */,
				D70CE11F22CF4AB500BD5922 /* FileTableView.swift in Sources */,
				D7E5D502228A66DF007CE3C2 /* HTML.swift in Sources */,
				D7A56685225A1348002EF185 /* JavaScriptSyntaxHighlighter.swift in Sources */,
				D7F96529229259120086E98A /* ProgramingLanguage.swift in Sources */,
				D7327FD222D2DE9400586B29 /* Text.swift in Sources */,
				D72BB8D92254C8560043D909 /* PHPSyntaxHighlighter.swift in Sources */,
				D77EE57F22D0415A00013DA6 /* Explainer.swift in Sources */,
				D7722E812293A3FC00A749BF /* SlideCollectionViewCell.swift in Sources */,
				D7A9F1A722AA9D920049C0DE /* LessonTextParser.swift in Sources */,
				D7B22F0622C45721009E97D5 /* String+escape.swift in Sources */,
				D70CE12222CF5B5900BD5922 /* GuideTextSyntaxHighlighter.swift in Sources */,
				D7C950D822BC6A8D00524823 /* TemplateLabel.swift in Sources */,
				D77F1FE122D203F800FC3005 /* P.swift in Sources */,
				D726997222965AB1009988E6 /* ProgramingLanguageCollectionViewCell.swift in Sources */,
				D7A56687225A17D3002EF185 /* Lesson.swift in Sources */,
				D719935622CF266500A3365F /* GuideMessageTextView.swift in Sources */,
				D7722E832293A64900A749BF /* LastSlideCollectionViewCell.swift in Sources */,
				D7278C8422C9BA1300A6BBE0 /* LessonSelectionViewController.swift in Sources */,
				D7A2600422560FF000523A36 /* Application.swift in Sources */,
				D77EE58322D085A000013DA6 /* NotificationMessage.swift in Sources */,
				D7F96527229249370086E98A /* QuestionTextField.swift in Sources */,
				D77F1FCB22D1AA3400FC3005 /* WebSimulatorViewControllerFactory.swift in Sources */,
				D75A99D622A29B530086E710 /* Section.swift in Sources */,
				D719935422CF249500A3365F /* Guide.swift in Sources */,
				D730541422C2FE15005906EB /* URLTask.swift in Sources */,
				D77F1FDF22D2013400FC3005 /* H1.swift in Sources */,
				D762AF5F22B49290001C94A2 /* DescriptionView.swift in Sources */,
				D781CE1D225DFF7A00B90A26 /* Character+is~.swift in Sources */,
				D74B15E122AB94CD0035047B /* EditorComponentsBuilder.swift in Sources */,
				D71C2C2622A0F656008CCCD0 /* CourseCard.swift in Sources */,
				D718EBC72252CFA300727383 /* SecureCoder.xcdatamodeld in Sources */,
				D77F1FD022D1AA7C00FC3005 /* IFrameInjectionUnsafeWebSimulatorViewController.swift in Sources */,
				D7327FD422D2DF6C00586B29 /* A.swift in Sources */,
				D715CA0522AB2C360087CAB9 /* TextUtils.swift in Sources */,
				D762AF5D22B48543001C94A2 /* UIView+darken.swift in Sources */,
				D7256C2A22ADFEB00093A5AA /* FileTableViewCell.swift in Sources */,
				D7319A9A2298F20500369273 /* CodeEditorView.swift in Sources */,
				D738B5B922A4E3700043E177 /* SectionCardTableViewCell.swift in Sources */,
				D70CE12522CF7A2D00BD5922 /* SyntaxHighlighterDelegate.swift in Sources */,
				D71C2C2222A0D9AD008CCCD0 /* CourseCardCollectionViewCell.swift in Sources */,
				D7EBEBCE22D5784400564E27 /* WebSimulatorView.swift in Sources */,
				D77F1FCD22D1AA4400FC3005 /* WebSimulatorViewController.swift in Sources */,
				D72BB8DB2254D1C20043D909 /* UIColor+colors.swift in Sources */,
				D75BD38A227E680D00AA7E7F /* File.swift in Sources */,
				D71C2C2422A0EAAF008CCCD0 /* UIColor+make.swift in Sources */,
				D718EBBF2252CFA300727383 /* AppDelegate.swift in Sources */,
				D77EE58122D07B9D00013DA6 /* KeyboardWords.swift in Sources */,
				D730541822C30DAB005906EB /* FileUtils.swift in Sources */,
				D7AF14B52285762600022937 /* PHP.swift in Sources */,
				D74ACBA322CC508500713343 /* Chapter.swift in Sources */,
				D72EB15F2294CB33007A35EA /* KeyboardView.swift in Sources */,
				D730541A22C31424005906EB /* URLUtils.swift in Sources */,
				D77F1FE322D2057300FC3005 /* IFrame.swift in Sources */,
				D7256C2C22AE2F490093A5AA /* CSSSyntaxHighlighter.swift in Sources */,
				D71A0AEA22B1D1F80088326D /* SectionButton.swift in Sources */,
				D726997022964578009988E6 /* CourseSelectionViewController.swift in Sources */,
				D74ACBA722CC691200713343 /* CellButton.swift in Sources */,
				D74ACBA522CC675E00713343 /* SectionSelectionViewController.swift in Sources */,
				D77059AE2292357700E66D7B /* LessonViewController.swift in Sources */,
				D767B19222C0A38300920BDA /* SlidesView.swift in Sources */,
				D7F9652D229280860086E98A /* SyntaxHighlighter.swift in Sources */,
			);
			runOnlyForDeploymentPostprocessing = 0;
		};
/* End PBXSourcesBuildPhase section */

/* Begin PBXVariantGroup section */
		D718EBCA2252CFA500727383 /* LaunchScreen.storyboard */ = {
			isa = PBXVariantGroup;
			children = (
				D718EBCB2252CFA500727383 /* Base */,
			);
			name = LaunchScreen.storyboard;
			sourceTree = "<group>";
		};
/* End PBXVariantGroup section */

/* Begin XCBuildConfiguration section */
		D718EBCE2252CFA500727383 /* Debug */ = {
			isa = XCBuildConfiguration;
			buildSettings = {
				ALWAYS_SEARCH_USER_PATHS = NO;
				CLANG_ANALYZER_NONNULL = YES;
				CLANG_ANALYZER_NUMBER_OBJECT_CONVERSION = YES_AGGRESSIVE;
				CLANG_CXX_LANGUAGE_STANDARD = "gnu++14";
				CLANG_CXX_LIBRARY = "libc++";
				CLANG_ENABLE_MODULES = YES;
				CLANG_ENABLE_OBJC_ARC = YES;
				CLANG_ENABLE_OBJC_WEAK = YES;
				CLANG_WARN_BLOCK_CAPTURE_AUTORELEASING = YES;
				CLANG_WARN_BOOL_CONVERSION = YES;
				CLANG_WARN_COMMA = YES;
				CLANG_WARN_CONSTANT_CONVERSION = YES;
				CLANG_WARN_DEPRECATED_OBJC_IMPLEMENTATIONS = YES;
				CLANG_WARN_DIRECT_OBJC_ISA_USAGE = YES_ERROR;
				CLANG_WARN_DOCUMENTATION_COMMENTS = YES;
				CLANG_WARN_EMPTY_BODY = YES;
				CLANG_WARN_ENUM_CONVERSION = YES;
				CLANG_WARN_INFINITE_RECURSION = YES;
				CLANG_WARN_INT_CONVERSION = YES;
				CLANG_WARN_NON_LITERAL_NULL_CONVERSION = YES;
				CLANG_WARN_OBJC_IMPLICIT_RETAIN_SELF = YES;
				CLANG_WARN_OBJC_LITERAL_CONVERSION = YES;
				CLANG_WARN_OBJC_ROOT_CLASS = YES_ERROR;
				CLANG_WARN_RANGE_LOOP_ANALYSIS = YES;
				CLANG_WARN_STRICT_PROTOTYPES = YES;
				CLANG_WARN_SUSPICIOUS_MOVE = YES;
				CLANG_WARN_UNGUARDED_AVAILABILITY = YES_AGGRESSIVE;
				CLANG_WARN_UNREACHABLE_CODE = YES;
				CLANG_WARN__DUPLICATE_METHOD_MATCH = YES;
				CODE_SIGN_IDENTITY = "iPhone Developer";
				COPY_PHASE_STRIP = NO;
				DEBUG_INFORMATION_FORMAT = dwarf;
				ENABLE_STRICT_OBJC_MSGSEND = YES;
				ENABLE_TESTABILITY = YES;
				GCC_C_LANGUAGE_STANDARD = gnu11;
				GCC_DYNAMIC_NO_PIC = NO;
				GCC_NO_COMMON_BLOCKS = YES;
				GCC_OPTIMIZATION_LEVEL = 0;
				GCC_PREPROCESSOR_DEFINITIONS = (
					"DEBUG=1",
					"$(inherited)",
				);
				GCC_WARN_64_TO_32_BIT_CONVERSION = YES;
				GCC_WARN_ABOUT_RETURN_TYPE = YES_ERROR;
				GCC_WARN_UNDECLARED_SELECTOR = YES;
				GCC_WARN_UNINITIALIZED_AUTOS = YES_AGGRESSIVE;
				GCC_WARN_UNUSED_FUNCTION = YES;
				GCC_WARN_UNUSED_VARIABLE = YES;
				IPHONEOS_DEPLOYMENT_TARGET = 12.1;
				MTL_ENABLE_DEBUG_INFO = INCLUDE_SOURCE;
				MTL_FAST_MATH = YES;
				ONLY_ACTIVE_ARCH = YES;
				SDKROOT = iphoneos;
				SWIFT_ACTIVE_COMPILATION_CONDITIONS = DEBUG;
				SWIFT_OPTIMIZATION_LEVEL = "-Onone";
			};
			name = Debug;
		};
		D718EBCF2252CFA500727383 /* Release */ = {
			isa = XCBuildConfiguration;
			buildSettings = {
				ALWAYS_SEARCH_USER_PATHS = NO;
				CLANG_ANALYZER_NONNULL = YES;
				CLANG_ANALYZER_NUMBER_OBJECT_CONVERSION = YES_AGGRESSIVE;
				CLANG_CXX_LANGUAGE_STANDARD = "gnu++14";
				CLANG_CXX_LIBRARY = "libc++";
				CLANG_ENABLE_MODULES = YES;
				CLANG_ENABLE_OBJC_ARC = YES;
				CLANG_ENABLE_OBJC_WEAK = YES;
				CLANG_WARN_BLOCK_CAPTURE_AUTORELEASING = YES;
				CLANG_WARN_BOOL_CONVERSION = YES;
				CLANG_WARN_COMMA = YES;
				CLANG_WARN_CONSTANT_CONVERSION = YES;
				CLANG_WARN_DEPRECATED_OBJC_IMPLEMENTATIONS = YES;
				CLANG_WARN_DIRECT_OBJC_ISA_USAGE = YES_ERROR;
				CLANG_WARN_DOCUMENTATION_COMMENTS = YES;
				CLANG_WARN_EMPTY_BODY = YES;
				CLANG_WARN_ENUM_CONVERSION = YES;
				CLANG_WARN_INFINITE_RECURSION = YES;
				CLANG_WARN_INT_CONVERSION = YES;
				CLANG_WARN_NON_LITERAL_NULL_CONVERSION = YES;
				CLANG_WARN_OBJC_IMPLICIT_RETAIN_SELF = YES;
				CLANG_WARN_OBJC_LITERAL_CONVERSION = YES;
				CLANG_WARN_OBJC_ROOT_CLASS = YES_ERROR;
				CLANG_WARN_RANGE_LOOP_ANALYSIS = YES;
				CLANG_WARN_STRICT_PROTOTYPES = YES;
				CLANG_WARN_SUSPICIOUS_MOVE = YES;
				CLANG_WARN_UNGUARDED_AVAILABILITY = YES_AGGRESSIVE;
				CLANG_WARN_UNREACHABLE_CODE = YES;
				CLANG_WARN__DUPLICATE_METHOD_MATCH = YES;
				CODE_SIGN_IDENTITY = "iPhone Developer";
				COPY_PHASE_STRIP = NO;
				DEBUG_INFORMATION_FORMAT = "dwarf-with-dsym";
				ENABLE_NS_ASSERTIONS = NO;
				ENABLE_STRICT_OBJC_MSGSEND = YES;
				GCC_C_LANGUAGE_STANDARD = gnu11;
				GCC_NO_COMMON_BLOCKS = YES;
				GCC_WARN_64_TO_32_BIT_CONVERSION = YES;
				GCC_WARN_ABOUT_RETURN_TYPE = YES_ERROR;
				GCC_WARN_UNDECLARED_SELECTOR = YES;
				GCC_WARN_UNINITIALIZED_AUTOS = YES_AGGRESSIVE;
				GCC_WARN_UNUSED_FUNCTION = YES;
				GCC_WARN_UNUSED_VARIABLE = YES;
				IPHONEOS_DEPLOYMENT_TARGET = 12.1;
				MTL_ENABLE_DEBUG_INFO = NO;
				MTL_FAST_MATH = YES;
				SDKROOT = iphoneos;
				SWIFT_COMPILATION_MODE = wholemodule;
				SWIFT_OPTIMIZATION_LEVEL = "-O";
				VALIDATE_PRODUCT = YES;
			};
			name = Release;
		};
		D718EBD12252CFA500727383 /* Debug */ = {
			isa = XCBuildConfiguration;
			buildSettings = {
				ASSETCATALOG_COMPILER_APPICON_NAME = AppIcon;
				CODE_SIGN_STYLE = Automatic;
				DEVELOPMENT_TEAM = 5FF7DL6Z6Q;
				INFOPLIST_FILE = SecureCoder/Info.plist;
				LD_RUNPATH_SEARCH_PATHS = (
					"$(inherited)",
					"@executable_path/Frameworks",
				);
				PRODUCT_BUNDLE_IDENTIFIER = sk.ax2a.ubdc.SecureCoder;
				PRODUCT_NAME = "$(TARGET_NAME)";
				SWIFT_VERSION = 5.0;
				TARGETED_DEVICE_FAMILY = "1,2";
			};
			name = Debug;
		};
		D718EBD22252CFA500727383 /* Release */ = {
			isa = XCBuildConfiguration;
			buildSettings = {
				ASSETCATALOG_COMPILER_APPICON_NAME = AppIcon;
				CODE_SIGN_STYLE = Automatic;
				DEVELOPMENT_TEAM = 5FF7DL6Z6Q;
				INFOPLIST_FILE = SecureCoder/Info.plist;
				LD_RUNPATH_SEARCH_PATHS = (
					"$(inherited)",
					"@executable_path/Frameworks",
				);
				PRODUCT_BUNDLE_IDENTIFIER = sk.ax2a.ubdc.SecureCoder;
				PRODUCT_NAME = "$(TARGET_NAME)";
				SWIFT_VERSION = 5.0;
				TARGETED_DEVICE_FAMILY = "1,2";
			};
			name = Release;
		};
/* End XCBuildConfiguration section */

/* Begin XCConfigurationList section */
		D718EBB62252CFA300727383 /* Build configuration list for PBXProject "SecureCoder" */ = {
			isa = XCConfigurationList;
			buildConfigurations = (
				D718EBCE2252CFA500727383 /* Debug */,
				D718EBCF2252CFA500727383 /* Release */,
			);
			defaultConfigurationIsVisible = 0;
			defaultConfigurationName = Debug;
		};
		D718EBD02252CFA500727383 /* Build configuration list for PBXNativeTarget "SecureCoder" */ = {
			isa = XCConfigurationList;
			buildConfigurations = (
				D718EBD12252CFA500727383 /* Debug */,
				D718EBD22252CFA500727383 /* Release */,
			);
			defaultConfigurationIsVisible = 0;
			defaultConfigurationName = Debug;
		};
/* End XCConfigurationList section */

/* Begin XCVersionGroup section */
		D718EBC52252CFA300727383 /* SecureCoder.xcdatamodeld */ = {
			isa = XCVersionGroup;
			children = (
				D718EBC62252CFA300727383 /* SecureCoder.xcdatamodel */,
			);
			currentVersion = D718EBC62252CFA300727383 /* SecureCoder.xcdatamodel */;
			path = SecureCoder.xcdatamodeld;
			sourceTree = "<group>";
			versionGroupType = wrapper.xcdatamodel;
		};
/* End XCVersionGroup section */
	};
	rootObject = D718EBB32252CFA300727383 /* Project object */;
}
