// !$*UTF8*$!
{
	archiveVersion = 1;
	classes = {
	};
	objectVersion = 50;
	objects = {

/* Begin PBXBuildFile section */
		D718EBBF2252CFA300727383 /* AppDelegate.swift in Sources */ = {isa = PBXBuildFile; fileRef = D718EBBE2252CFA300727383 /* AppDelegate.swift */; };
		D718EBC12252CFA300727383 /* ViewController.swift in Sources */ = {isa = PBXBuildFile; fileRef = D718EBC02252CFA300727383 /* ViewController.swift */; };
		D718EBC42252CFA300727383 /* Main.storyboard in Resources */ = {isa = PBXBuildFile; fileRef = D718EBC22252CFA300727383 /* Main.storyboard */; };
		D718EBC72252CFA300727383 /* SecureCoder.xcdatamodeld in Sources */ = {isa = PBXBuildFile; fileRef = D718EBC52252CFA300727383 /* SecureCoder.xcdatamodeld */; };
		D718EBC92252CFA500727383 /* Assets.xcassets in Resources */ = {isa = PBXBuildFile; fileRef = D718EBC82252CFA500727383 /* Assets.xcassets */; };
		D718EBCC2252CFA500727383 /* LaunchScreen.storyboard in Resources */ = {isa = PBXBuildFile; fileRef = D718EBCA2252CFA500727383 /* LaunchScreen.storyboard */; };
/* End PBXBuildFile section */

/* Begin PBXFileReference section */
		D718EBBB2252CFA300727383 /* SecureCoder.app */ = {isa = PBXFileReference; explicitFileType = wrapper.application; includeInIndex = 0; path = SecureCoder.app; sourceTree = BUILT_PRODUCTS_DIR; };
		D718EBBE2252CFA300727383 /* AppDelegate.swift */ = {isa = PBXFileReference; lastKnownFileType = sourcecode.swift; path = AppDelegate.swift; sourceTree = "<group>"; };
		D718EBC02252CFA300727383 /* ViewController.swift */ = {isa = PBXFileReference; lastKnownFileType = sourcecode.swift; path = ViewController.swift; sourceTree = "<group>"; };
		D718EBC32252CFA300727383 /* Base */ = {isa = PBXFileReference; lastKnownFileType = file.storyboard; name = Base; path = Base.lproj/Main.storyboard; sourceTree = "<group>"; };
		D718EBC62252CFA300727383 /* SecureCoder.xcdatamodel */ = {isa = PBXFileReference; lastKnownFileType = wrapper.xcdatamodel; path = SecureCoder.xcdatamodel; sourceTree = "<group>"; };
		D718EBC82252CFA500727383 /* Assets.xcassets */ = {isa = PBXFileReference; lastKnownFileType = folder.assetcatalog; path = Assets.xcassets; sourceTree = "<group>"; };
		D718EBCB2252CFA500727383 /* Base */ = {isa = PBXFileReference; lastKnownFileType = file.storyboard; name = Base; path = Base.lproj/LaunchScreen.storyboard; sourceTree = "<group>"; };
		D718EBCD2252CFA500727383 /* Info.plist */ = {isa = PBXFileReference; lastKnownFileType = text.plist.xml; path = Info.plist; sourceTree = "<group>"; };
/* End PBXFileReference section */

/* Begin PBXFrameworksBuildPhase section */
		D718EBB82252CFA300727383 /* Frameworks */ = {
			isa = PBXFrameworksBuildPhase;
			buildActionMask = 2147483647;
			files = (
			);
			runOnlyForDeploymentPostprocessing = 0;
		};
/* End PBXFrameworksBuildPhase section */

/* Begin PBXGroup section */
		D718EBB22252CFA300727383 = {
			isa = PBXGroup;
			children = (
				D718EBBD2252CFA300727383 /* SecureCoder */,
				D718EBBC2252CFA300727383 /* Products */,
			);
			sourceTree = "<group>";
		};
		D718EBBC2252CFA300727383 /* Products */ = {
			isa = PBXGroup;
			children = (
				D718EBBB2252CFA300727383 /* SecureCoder.app */,
			);
			name = Products;
			sourceTree = "<group>";
		};
		D718EBBD2252CFA300727383 /* SecureCoder */ = {
			isa = PBXGroup;
			children = (
				D718EBBE2252CFA300727383 /* AppDelegate.swift */,
				D718EBC02252CFA300727383 /* ViewController.swift */,
				D718EBC22252CFA300727383 /* Main.storyboard */,
				D718EBC82252CFA500727383 /* Assets.xcassets */,
				D718EBCA2252CFA500727383 /* LaunchScreen.storyboard */,
				D718EBCD2252CFA500727383 /* Info.plist */,
				D718EBC52252CFA300727383 /* SecureCoder.xcdatamodeld */,
			);
			path = SecureCoder;
			sourceTree = "<group>";
		};
/* End PBXGroup section */

/* Begin PBXNativeTarget section */
		D718EBBA2252CFA300727383 /* SecureCoder */ = {
			isa = PBXNativeTarget;
			buildConfigurationList = D718EBD02252CFA500727383 /* Build configuration list for PBXNativeTarget "SecureCoder" */;
			buildPhases = (
				D718EBB72252CFA300727383 /* Sources */,
				D718EBB82252CFA300727383 /* Frameworks */,
				D718EBB92252CFA300727383 /* Resources */,
			);
			buildRules = (
			);
			dependencies = (
			);
			name = SecureCoder;
			productName = SecureCoder;
			productReference = D718EBBB2252CFA300727383 /* SecureCoder.app */;
			productType = "com.apple.product-type.application";
		};
/* End PBXNativeTarget section */

/* Begin PBXProject section */
		D718EBB32252CFA300727383 /* Project object */ = {
			isa = PBXProject;
			attributes = {
				LastSwiftUpdateCheck = 1010;
				LastUpgradeCheck = 1010;
				ORGANIZATIONNAME = "小林聖人";
				TargetAttributes = {
					D718EBBA2252CFA300727383 = {
						CreatedOnToolsVersion = 10.1;
					};
				};
			};
			buildConfigurationList = D718EBB62252CFA300727383 /* Build configuration list for PBXProject "SecureCoder" */;
			compatibilityVersion = "Xcode 9.3";
			developmentRegion = en;
			hasScannedForEncodings = 0;
			knownRegions = (
				en,
				Base,
			);
			mainGroup = D718EBB22252CFA300727383;
			productRefGroup = D718EBBC2252CFA300727383 /* Products */;
			projectDirPath = "";
			projectRoot = "";
			targets = (
				D718EBBA2252CFA300727383 /* SecureCoder */,
			);
		};
/* End PBXProject section */

/* Begin PBXResourcesBuildPhase section */
		D718EBB92252CFA300727383 /* Resources */ = {
			isa = PBXResourcesBuildPhase;
			buildActionMask = 2147483647;
			files = (
				D718EBCC2252CFA500727383 /* LaunchScreen.storyboard in Resources */,
				D718EBC92252CFA500727383 /* Assets.xcassets in Resources */,
				D718EBC42252CFA300727383 /* Main.storyboard in Resources */,
			);
			runOnlyForDeploymentPostprocessing = 0;
		};
/* End PBXResourcesBuildPhase section */

/* Begin PBXSourcesBuildPhase section */
		D718EBB72252CFA300727383 /* Sources */ = {
			isa = PBXSourcesBuildPhase;
			buildActionMask = 2147483647;
			files = (
				D718EBC72252CFA300727383 /* SecureCoder.xcdatamodeld in Sources */,
				D718EBC12252CFA300727383 /* ViewController.swift in Sources */,
				D718EBBF2252CFA300727383 /* AppDelegate.swift in Sources */,
			);
			runOnlyForDeploymentPostprocessing = 0;
		};
/* End PBXSourcesBuildPhase section */

/* Begin PBXVariantGroup section */
		D718EBC22252CFA300727383 /* Main.storyboard */ = {
			isa = PBXVariantGroup;
			children = (
				D718EBC32252CFA300727383 /* Base */,
			);
			name = Main.storyboard;
			sourceTree = "<group>";
		};
		D718EBCA2252CFA500727383 /* LaunchScreen.storyboard */ = {
			isa = PBXVariantGroup;
			children = (
				D718EBCB2252CFA500727383 /* Base */,
			);
			name = LaunchScreen.storyboard;
			sourceTree = "<group>";
		};
/* End PBXVariantGroup section */

/* Begin XCBuildConfiguration section */
		D718EBCE2252CFA500727383 /* Debug */ = {
			isa = XCBuildConfiguration;
			buildSettings = {
				ALWAYS_SEARCH_USER_PATHS = NO;
				CLANG_ANALYZER_NONNULL = YES;
				CLANG_ANALYZER_NUMBER_OBJECT_CONVERSION = YES_AGGRESSIVE;
				CLANG_CXX_LANGUAGE_STANDARD = "gnu++14";
				CLANG_CXX_LIBRARY = "libc++";
				CLANG_ENABLE_MODULES = YES;
				CLANG_ENABLE_OBJC_ARC = YES;
				CLANG_ENABLE_OBJC_WEAK = YES;
				CLANG_WARN_BLOCK_CAPTURE_AUTORELEASING = YES;
				CLANG_WARN_BOOL_CONVERSION = YES;
				CLANG_WARN_COMMA = YES;
				CLANG_WARN_CONSTANT_CONVERSION = YES;
				CLANG_WARN_DEPRECATED_OBJC_IMPLEMENTATIONS = YES;
				CLANG_WARN_DIRECT_OBJC_ISA_USAGE = YES_ERROR;
				CLANG_WARN_DOCUMENTATION_COMMENTS = YES;
				CLANG_WARN_EMPTY_BODY = YES;
				CLANG_WARN_ENUM_CONVERSION = YES;
				CLANG_WARN_INFINITE_RECURSION = YES;
				CLANG_WARN_INT_CONVERSION = YES;
				CLANG_WARN_NON_LITERAL_NULL_CONVERSION = YES;
				CLANG_WARN_OBJC_IMPLICIT_RETAIN_SELF = YES;
				CLANG_WARN_OBJC_LITERAL_CONVERSION = YES;
				CLANG_WARN_OBJC_ROOT_CLASS = YES_ERROR;
				CLANG_WARN_RANGE_LOOP_ANALYSIS = YES;
				CLANG_WARN_STRICT_PROTOTYPES = YES;
				CLANG_WARN_SUSPICIOUS_MOVE = YES;
				CLANG_WARN_UNGUARDED_AVAILABILITY = YES_AGGRESSIVE;
				CLANG_WARN_UNREACHABLE_CODE = YES;
				CLANG_WARN__DUPLICATE_METHOD_MATCH = YES;
				CODE_SIGN_IDENTITY = "iPhone Developer";
				COPY_PHASE_STRIP = NO;
				DEBUG_INFORMATION_FORMAT = dwarf;
				ENABLE_STRICT_OBJC_MSGSEND = YES;
				ENABLE_TESTABILITY = YES;
				GCC_C_LANGUAGE_STANDARD = gnu11;
				GCC_DYNAMIC_NO_PIC = NO;
				GCC_NO_COMMON_BLOCKS = YES;
				GCC_OPTIMIZATION_LEVEL = 0;
				GCC_PREPROCESSOR_DEFINITIONS = (
					"DEBUG=1",
					"$(inherited)",
				);
				GCC_WARN_64_TO_32_BIT_CONVERSION = YES;
				GCC_WARN_ABOUT_RETURN_TYPE = YES_ERROR;
				GCC_WARN_UNDECLARED_SELECTOR = YES;
				GCC_WARN_UNINITIALIZED_AUTOS = YES_AGGRESSIVE;
				GCC_WARN_UNUSED_FUNCTION = YES;
				GCC_WARN_UNUSED_VARIABLE = YES;
				IPHONEOS_DEPLOYMENT_TARGET = 12.1;
				MTL_ENABLE_DEBUG_INFO = INCLUDE_SOURCE;
				MTL_FAST_MATH = YES;
				ONLY_ACTIVE_ARCH = YES;
				SDKROOT = iphoneos;
				SWIFT_ACTIVE_COMPILATION_CONDITIONS = DEBUG;
				SWIFT_OPTIMIZATION_LEVEL = "-Onone";
			};
			name = Debug;
		};
		D718EBCF2252CFA500727383 /* Release */ = {
			isa = XCBuildConfiguration;
			buildSettings = {
				ALWAYS_SEARCH_USER_PATHS = NO;
				CLANG_ANALYZER_NONNULL = YES;
				CLANG_ANALYZER_NUMBER_OBJECT_CONVERSION = YES_AGGRESSIVE;
				CLANG_CXX_LANGUAGE_STANDARD = "gnu++14";
				CLANG_CXX_LIBRARY = "libc++";
				CLANG_ENABLE_MODULES = YES;
				CLANG_ENABLE_OBJC_ARC = YES;
				CLANG_ENABLE_OBJC_WEAK = YES;
				CLANG_WARN_BLOCK_CAPTURE_AUTORELEASING = YES;
				CLANG_WARN_BOOL_CONVERSION = YES;
				CLANG_WARN_COMMA = YES;
				CLANG_WARN_CONSTANT_CONVERSION = YES;
				CLANG_WARN_DEPRECATED_OBJC_IMPLEMENTATIONS = YES;
				CLANG_WARN_DIRECT_OBJC_ISA_USAGE = YES_ERROR;
				CLANG_WARN_DOCUMENTATION_COMMENTS = YES;
				CLANG_WARN_EMPTY_BODY = YES;
				CLANG_WARN_ENUM_CONVERSION = YES;
				CLANG_WARN_INFINITE_RECURSION = YES;
				CLANG_WARN_INT_CONVERSION = YES;
				CLANG_WARN_NON_LITERAL_NULL_CONVERSION = YES;
				CLANG_WARN_OBJC_IMPLICIT_RETAIN_SELF = YES;
				CLANG_WARN_OBJC_LITERAL_CONVERSION = YES;
				CLANG_WARN_OBJC_ROOT_CLASS = YES_ERROR;
				CLANG_WARN_RANGE_LOOP_ANALYSIS = YES;
				CLANG_WARN_STRICT_PROTOTYPES = YES;
				CLANG_WARN_SUSPICIOUS_MOVE = YES;
				CLANG_WARN_UNGUARDED_AVAILABILITY = YES_AGGRESSIVE;
				CLANG_WARN_UNREACHABLE_CODE = YES;
				CLANG_WARN__DUPLICATE_METHOD_MATCH = YES;
				CODE_SIGN_IDENTITY = "iPhone Developer";
				COPY_PHASE_STRIP = NO;
				DEBUG_INFORMATION_FORMAT = "dwarf-with-dsym";
				ENABLE_NS_ASSERTIONS = NO;
				ENABLE_STRICT_OBJC_MSGSEND = YES;
				GCC_C_LANGUAGE_STANDARD = gnu11;
				GCC_NO_COMMON_BLOCKS = YES;
				GCC_WARN_64_TO_32_BIT_CONVERSION = YES;
				GCC_WARN_ABOUT_RETURN_TYPE = YES_ERROR;
				GCC_WARN_UNDECLARED_SELECTOR = YES;
				GCC_WARN_UNINITIALIZED_AUTOS = YES_AGGRESSIVE;
				GCC_WARN_UNUSED_FUNCTION = YES;
				GCC_WARN_UNUSED_VARIABLE = YES;
				IPHONEOS_DEPLOYMENT_TARGET = 12.1;
				MTL_ENABLE_DEBUG_INFO = NO;
				MTL_FAST_MATH = YES;
				SDKROOT = iphoneos;
				SWIFT_COMPILATION_MODE = wholemodule;
				SWIFT_OPTIMIZATION_LEVEL = "-O";
				VALIDATE_PRODUCT = YES;
			};
			name = Release;
		};
		D718EBD12252CFA500727383 /* Debug */ = {
			isa = XCBuildConfiguration;
			buildSettings = {
				ASSETCATALOG_COMPILER_APPICON_NAME = AppIcon;
				CODE_SIGN_STYLE = Automatic;
				DEVELOPMENT_TEAM = 5FF7DL6Z6Q;
				INFOPLIST_FILE = SecureCoder/Info.plist;
				LD_RUNPATH_SEARCH_PATHS = (
					"$(inherited)",
					"@executable_path/Frameworks",
				);
				PRODUCT_BUNDLE_IDENTIFIER = sk.ax2a.ubdc.SecureCoder;
				PRODUCT_NAME = "$(TARGET_NAME)";
				SWIFT_VERSION = 4.2;
				TARGETED_DEVICE_FAMILY = "1,2";
			};
			name = Debug;
		};
		D718EBD22252CFA500727383 /* Release */ = {
			isa = XCBuildConfiguration;
			buildSettings = {
				ASSETCATALOG_COMPILER_APPICON_NAME = AppIcon;
				CODE_SIGN_STYLE = Automatic;
				DEVELOPMENT_TEAM = 5FF7DL6Z6Q;
				INFOPLIST_FILE = SecureCoder/Info.plist;
				LD_RUNPATH_SEARCH_PATHS = (
					"$(inherited)",
					"@executable_path/Frameworks",
				);
				PRODUCT_BUNDLE_IDENTIFIER = sk.ax2a.ubdc.SecureCoder;
				PRODUCT_NAME = "$(TARGET_NAME)";
				SWIFT_VERSION = 4.2;
				TARGETED_DEVICE_FAMILY = "1,2";
			};
			name = Release;
		};
/* End XCBuildConfiguration section */

/* Begin XCConfigurationList section */
		D718EBB62252CFA300727383 /* Build configuration list for PBXProject "SecureCoder" */ = {
			isa = XCConfigurationList;
			buildConfigurations = (
				D718EBCE2252CFA500727383 /* Debug */,
				D718EBCF2252CFA500727383 /* Release */,
			);
			defaultConfigurationIsVisible = 0;
			defaultConfigurationName = Release;
		};
		D718EBD02252CFA500727383 /* Build configuration list for PBXNativeTarget "SecureCoder" */ = {
			isa = XCConfigurationList;
			buildConfigurations = (
				D718EBD12252CFA500727383 /* Debug */,
				D718EBD22252CFA500727383 /* Release */,
			);
			defaultConfigurationIsVisible = 0;
			defaultConfigurationName = Release;
		};
/* End XCConfigurationList section */

/* Begin XCVersionGroup section */
		D718EBC52252CFA300727383 /* SecureCoder.xcdatamodeld */ = {
			isa = XCVersionGroup;
			children = (
				D718EBC62252CFA300727383 /* SecureCoder.xcdatamodel */,
			);
			currentVersion = D718EBC62252CFA300727383 /* SecureCoder.xcdatamodel */;
			path = SecureCoder.xcdatamodeld;
			sourceTree = "<group>";
			versionGroupType = wrapper.xcdatamodel;
		};
/* End XCVersionGroup section */
	};
	rootObject = D718EBB32252CFA300727383 /* Project object */;
}
